
Microsoft Visual Studio Solution File, Format Version 12.00
# Visual Studio Version 16
VisualStudioVersion = 16.0.31129.286
MinimumVisualStudioVersion = 10.0.40219.1
Project("{FAE04EC0-301F-11D3-BF4B-00C04F79EFBC}") = "FoodOrderAppSF11-16", "FoodOrderAppSF11-16\FoodOrderAppSF11-16.csproj", "{FFEC3E23-542E-4947-BEED-3BBD6416B811}"
EndProject
Global
	GlobalSection(SolutionConfigurationPlatforms) = preSolution
		Debug|Any CPU = Debug|Any CPU
		Release|Any CPU = Release|Any CPU
	EndGlobalSection
	GlobalSection(ProjectConfigurationPlatforms) = postSolution
		{FFEC3E23-542E-4947-BEED-3BBD6416B811}.Debug|Any CPU.ActiveCfg = Debug|Any CPU
		{FFEC3E23-542E-4947-BEED-3BBD6416B811}.Debug|Any CPU.Build.0 = Debug|Any CPU
		{FFEC3E23-542E-4947-BEED-3BBD6416B811}.Release|Any CPU.ActiveCfg = Release|Any CPU
		{FFEC3E23-542E-4947-BEED-3BBD6416B811}.Release|Any CPU.Build.0 = Release|Any CPU
	EndGlobalSection
	GlobalSection(SolutionProperties) = preSolution
		HideSolutionNode = FALSE
	EndGlobalSection
	GlobalSection(ExtensibilityGlobals) = postSolution
		SolutionGuid = {A046A578-6DB5-4045-B93D-062392BDF9DD}
	EndGlobalSection
EndGlobal
